{
    "compile": {
        "org.jetbrains.kotlin:kotlin-stdlib-jre7": {
            "locked": "1.1.0",
            "requested": "1.1.0"
        }
    },
    "compileClasspath": {
        "org.jetbrains.kotlin:kotlin-stdlib-jre7": {
            "locked": "1.1.0",
            "requested": "1.1.0"
        }
    },
    "default": {
        "org.jetbrains.kotlin:kotlin-stdlib-jre7": {
            "locked": "1.1.0",
            "requested": "1.1.0"
        }
    },
    "integTestCompile": {
        "com.natpryce:hamkrest": {
            "locked": "1.4.1.0",
            "requested": "latest.release"
        },
        "com.netflix.nebula:nebula-test": {
            "locked": "6.1.2",
            "requested": "6.+"
        },
        "com.nhaarman:mockito-kotlin": {
            "locked": "1.5.0",
            "requested": "latest.release"
        },
        "org.jetbrains.kotlin:kotlin-reflect": {
            "locked": "1.1.0"
        },
        "org.jetbrains.kotlin:kotlin-stdlib-jre7": {
            "locked": "1.1.0",
            "requested": "1.1.0"
        },
        "org.mockito:mockito-core": {
            "locked": "2.8.47",
            "requested": "latest.release"
        }
    },
    "integTestCompileClasspath": {
        "com.natpryce:hamkrest": {
            "locked": "1.4.1.0",
            "requested": "latest.release"
        },
        "com.netflix.nebula:nebula-test": {
            "locked": "6.1.2",
            "requested": "6.+"
        },
        "com.nhaarman:mockito-kotlin": {
            "locked": "1.5.0",
            "requested": "latest.release"
        },
        "org.jetbrains.kotlin:kotlin-reflect": {
            "locked": "1.1.0"
        },
        "org.jetbrains.kotlin:kotlin-stdlib-jre7": {
            "locked": "1.1.0",
            "requested": "1.1.0"
        },
        "org.mockito:mockito-core": {
            "locked": "2.8.47",
            "requested": "latest.release"
        }
    },
    "integTestRuntime": {
        "com.natpryce:hamkrest": {
            "locked": "1.4.1.0",
            "requested": "latest.release"
        },
        "com.netflix.nebula:nebula-test": {
            "locked": "6.1.2",
            "requested": "6.+"
        },
        "com.nhaarman:mockito-kotlin": {
            "locked": "1.5.0",
            "requested": "latest.release"
        },
        "org.jetbrains.kotlin:kotlin-reflect": {
            "locked": "1.1.0"
        },
        "org.jetbrains.kotlin:kotlin-stdlib-jre7": {
            "locked": "1.1.0",
            "requested": "1.1.0"
        },
        "org.mockito:mockito-core": {
            "locked": "2.8.47",
            "requested": "latest.release"
        }
    },
    "integTestRuntimeClasspath": {
        "com.natpryce:hamkrest": {
            "locked": "1.4.1.0",
            "requested": "latest.release"
        },
        "com.netflix.nebula:nebula-test": {
            "locked": "6.1.2",
            "requested": "6.+"
        },
        "com.nhaarman:mockito-kotlin": {
            "locked": "1.5.0",
            "requested": "latest.release"
        },
        "org.jetbrains.kotlin:kotlin-reflect": {
            "locked": "1.1.0"
        },
        "org.jetbrains.kotlin:kotlin-stdlib-jre7": {
            "locked": "1.1.0",
            "requested": "1.1.0"
        },
        "org.mockito:mockito-core": {
            "locked": "2.8.47",
            "requested": "latest.release"
        }
    },
    "jacocoAgent": {
        "org.jacoco:org.jacoco.agent": {
            "locked": "0.7.8"
        }
    },
    "jacocoAnt": {
        "org.jacoco:org.jacoco.ant": {
            "locked": "0.7.8"
        }
    },
    "kapt": {
        "org.jetbrains.kotlin:kotlin-annotation-processing": {
            "locked": "1.1.0",
            "requested": "1.1.0"
        }
    },
    "kaptIntegTest": {
        "org.jetbrains.kotlin:kotlin-annotation-processing": {
            "locked": "1.1.0",
            "requested": "1.1.0"
        }
    },
    "kaptTest": {
        "org.jetbrains.kotlin:kotlin-annotation-processing": {
            "locked": "1.1.0",
            "requested": "1.1.0"
        }
    },
    "runtime": {
        "org.jetbrains.kotlin:kotlin-stdlib-jre7": {
            "locked": "1.1.0",
            "requested": "1.1.0"
        }
    },
    "runtimeClasspath": {
        "org.jetbrains.kotlin:kotlin-stdlib-jre7": {
            "locked": "1.1.0",
            "requested": "1.1.0"
        }
    },
    "testCompile": {
        "com.natpryce:hamkrest": {
            "locked": "1.4.1.0",
            "requested": "latest.release"
        },
        "com.netflix.nebula:nebula-test": {
            "locked": "6.1.2",
            "requested": "6.+"
        },
        "com.nhaarman:mockito-kotlin": {
            "locked": "1.5.0",
            "requested": "latest.release"
        },
        "org.jetbrains.kotlin:kotlin-reflect": {
            "locked": "1.1.0"
        },
        "org.jetbrains.kotlin:kotlin-stdlib-jre7": {
            "locked": "1.1.0",
            "requested": "1.1.0"
        },
        "org.mockito:mockito-core": {
            "locked": "2.8.47",
            "requested": "latest.release"
        }
    },
    "testCompileClasspath": {
        "com.natpryce:hamkrest": {
            "locked": "1.4.1.0",
            "requested": "latest.release"
        },
        "com.netflix.nebula:nebula-test": {
            "locked": "6.1.2",
            "requested": "6.+"
        },
        "com.nhaarman:mockito-kotlin": {
            "locked": "1.5.0",
            "requested": "latest.release"
        },
        "org.jetbrains.kotlin:kotlin-reflect": {
            "locked": "1.1.0"
        },
        "org.jetbrains.kotlin:kotlin-stdlib-jre7": {
            "locked": "1.1.0",
            "requested": "1.1.0"
        },
        "org.mockito:mockito-core": {
            "locked": "2.8.47",
            "requested": "latest.release"
        }
    },
    "testRuntime": {
        "com.natpryce:hamkrest": {
            "locked": "1.4.1.0",
            "requested": "latest.release"
        },
        "com.netflix.nebula:nebula-test": {
            "locked": "6.1.2",
            "requested": "6.+"
        },
        "com.nhaarman:mockito-kotlin": {
            "locked": "1.5.0",
            "requested": "latest.release"
        },
        "org.jetbrains.kotlin:kotlin-reflect": {
            "locked": "1.1.0"
        },
        "org.jetbrains.kotlin:kotlin-stdlib-jre7": {
            "locked": "1.1.0",
            "requested": "1.1.0"
        },
        "org.mockito:mockito-core": {
            "locked": "2.8.47",
            "requested": "latest.release"
        }
    },
    "testRuntimeClasspath": {
        "com.natpryce:hamkrest": {
            "locked": "1.4.1.0",
            "requested": "latest.release"
        },
        "com.netflix.nebula:nebula-test": {
            "locked": "6.1.2",
            "requested": "6.+"
        },
        "com.nhaarman:mockito-kotlin": {
            "locked": "1.5.0",
            "requested": "latest.release"
        },
        "org.jetbrains.kotlin:kotlin-reflect": {
            "locked": "1.1.0"
        },
        "org.jetbrains.kotlin:kotlin-stdlib-jre7": {
            "locked": "1.1.0",
            "requested": "1.1.0"
        },
        "org.mockito:mockito-core": {
            "locked": "2.8.47",
            "requested": "latest.release"
        }
    }
}