{
    "compile": {
        "org.jetbrains.kotlin:kotlin-stdlib-jdk7": {
            "locked": "1.2.61",
            "requested": "1.2.61"
        }
    },
    "compileClasspath": {
        "org.jetbrains.kotlin:kotlin-stdlib-jdk7": {
            "locked": "1.2.61",
            "requested": "1.2.61"
        }
    },
    "default": {
        "org.jetbrains.kotlin:kotlin-stdlib-jdk7": {
            "locked": "1.2.61",
            "requested": "1.2.61"
        }
    },
    "integTestCompile": {
        "com.natpryce:hamkrest": {
            "locked": "1.5.0.0",
            "requested": "latest.release"
        },
        "com.netflix.nebula:nebula-test": {
            "locked": "6.7.1",
            "requested": "6.+"
        },
        "com.nhaarman:mockito-kotlin": {
            "locked": "1.5.0",
            "requested": "latest.release"
        },
        "org.jetbrains.kotlin:kotlin-reflect": {
            "locked": "1.2.61"
        },
        "org.jetbrains.kotlin:kotlin-stdlib-jdk7": {
            "locked": "1.2.61",
            "requested": "1.2.61"
        },
        "org.mockito:mockito-core": {
            "locked": "2.21.0",
            "requested": "latest.release"
        }
    },
    "integTestCompileClasspath": {
        "com.natpryce:hamkrest": {
            "locked": "1.5.0.0",
            "requested": "latest.release"
        },
        "com.netflix.nebula:nebula-test": {
            "locked": "6.7.1",
            "requested": "6.+"
        },
        "com.nhaarman:mockito-kotlin": {
            "locked": "1.5.0",
            "requested": "latest.release"
        },
        "org.jetbrains.kotlin:kotlin-reflect": {
            "locked": "1.2.61",
            "requested": "1.2.61"
        },
        "org.jetbrains.kotlin:kotlin-stdlib-jdk7": {
            "locked": "1.2.61",
            "requested": "1.2.61"
        },
        "org.mockito:mockito-core": {
            "locked": "2.21.0",
            "requested": "latest.release"
        }
    },
    "integTestRuntime": {
        "com.natpryce:hamkrest": {
            "locked": "1.5.0.0",
            "requested": "latest.release"
        },
        "com.netflix.nebula:nebula-test": {
            "locked": "6.7.1",
            "requested": "6.+"
        },
        "com.nhaarman:mockito-kotlin": {
            "locked": "1.5.0",
            "requested": "latest.release"
        },
        "org.jetbrains.kotlin:kotlin-reflect": {
            "locked": "1.2.61",
            "requested": "1.2.61"
        },
        "org.jetbrains.kotlin:kotlin-stdlib-jdk7": {
            "locked": "1.2.61",
            "requested": "1.2.61"
        },
        "org.mockito:mockito-core": {
            "locked": "2.21.0",
            "requested": "latest.release"
        }
    },
    "integTestRuntimeClasspath": {
        "com.natpryce:hamkrest": {
            "locked": "1.5.0.0",
            "requested": "latest.release"
        },
        "com.netflix.nebula:nebula-test": {
            "locked": "6.7.1",
            "requested": "6.+"
        },
        "com.nhaarman:mockito-kotlin": {
            "locked": "1.5.0",
            "requested": "latest.release"
        },
        "org.jetbrains.kotlin:kotlin-reflect": {
            "locked": "1.2.61",
            "requested": "1.2.61"
        },
        "org.jetbrains.kotlin:kotlin-stdlib-jdk7": {
            "locked": "1.2.61",
            "requested": "1.2.61"
        },
        "org.mockito:mockito-core": {
            "locked": "2.21.0",
            "requested": "latest.release"
        }
    },
    "jacocoAgent": {
        "org.jacoco:org.jacoco.agent": {
            "locked": "0.8.1"
        }
    },
    "jacocoAnt": {
        "org.jacoco:org.jacoco.ant": {
            "locked": "0.8.1"
        }
    },
    "kotlinCompilerClasspath": {
        "org.jetbrains.kotlin:kotlin-compiler-embeddable": {
            "locked": "1.2.61"
        }
    },
    "kotlinCompilerPluginClasspath": {
        "org.jetbrains.kotlin:kotlin-scripting-compiler-embeddable": {
            "locked": "1.2.61",
            "requested": "1.2.61"
        }
    },
    "runtime": {
        "org.jetbrains.kotlin:kotlin-stdlib-jdk7": {
            "locked": "1.2.61",
            "requested": "1.2.61"
        }
    },
    "runtimeClasspath": {
        "org.jetbrains.kotlin:kotlin-stdlib-jdk7": {
            "locked": "1.2.61",
            "requested": "1.2.61"
        }
    },
    "testCompile": {
        "com.natpryce:hamkrest": {
            "locked": "1.5.0.0",
            "requested": "latest.release"
        },
        "com.netflix.nebula:nebula-test": {
            "locked": "6.7.1",
            "requested": "6.+"
        },
        "com.nhaarman:mockito-kotlin": {
            "locked": "1.5.0",
            "requested": "latest.release"
        },
        "org.jetbrains.kotlin:kotlin-reflect": {
            "locked": "1.2.61",
            "requested": "1.2.61"
        },
        "org.jetbrains.kotlin:kotlin-stdlib-jdk7": {
            "locked": "1.2.61",
            "requested": "1.2.61"
        },
        "org.mockito:mockito-core": {
            "locked": "2.21.0",
            "requested": "latest.release"
        }
    },
    "testCompileClasspath": {
        "com.natpryce:hamkrest": {
            "locked": "1.5.0.0",
            "requested": "latest.release"
        },
        "com.netflix.nebula:nebula-test": {
            "locked": "6.7.1",
            "requested": "6.+"
        },
        "com.nhaarman:mockito-kotlin": {
            "locked": "1.5.0",
            "requested": "latest.release"
        },
        "org.jetbrains.kotlin:kotlin-reflect": {
            "locked": "1.2.61",
            "requested": "1.2.61"
        },
        "org.jetbrains.kotlin:kotlin-stdlib-jdk7": {
            "locked": "1.2.61",
            "requested": "1.2.61"
        },
        "org.mockito:mockito-core": {
            "locked": "2.21.0",
            "requested": "latest.release"
        }
    },
    "testRuntime": {
        "com.natpryce:hamkrest": {
            "locked": "1.5.0.0",
            "requested": "latest.release"
        },
        "com.netflix.nebula:nebula-test": {
            "locked": "6.7.1",
            "requested": "6.+"
        },
        "com.nhaarman:mockito-kotlin": {
            "locked": "1.5.0",
            "requested": "latest.release"
        },
        "org.jetbrains.kotlin:kotlin-reflect": {
            "locked": "1.2.61",
            "requested": "1.2.61"
        },
        "org.jetbrains.kotlin:kotlin-stdlib-jdk7": {
            "locked": "1.2.61",
            "requested": "1.2.61"
        },
        "org.mockito:mockito-core": {
            "locked": "2.21.0",
            "requested": "latest.release"
        }
    },
    "testRuntimeClasspath": {
        "com.natpryce:hamkrest": {
            "locked": "1.5.0.0",
            "requested": "latest.release"
        },
        "com.netflix.nebula:nebula-test": {
            "locked": "6.7.1",
            "requested": "6.+"
        },
        "com.nhaarman:mockito-kotlin": {
            "locked": "1.5.0",
            "requested": "latest.release"
        },
        "org.jetbrains.kotlin:kotlin-reflect": {
            "locked": "1.2.61",
            "requested": "1.2.61"
        },
        "org.jetbrains.kotlin:kotlin-stdlib-jdk7": {
            "locked": "1.2.61",
            "requested": "1.2.61"
        },
        "org.mockito:mockito-core": {
            "locked": "2.21.0",
            "requested": "latest.release"
        }
    }
}